{
  "name": "EddieFernandezSuit.github.io",
  "lockfileVersion": 2,
  "requires": true,
  "packages": {
    "": {
      "dependencies": {
        "nipplejs": "^0.9.1"
      }
    },
    "node_modules/nipplejs": {
      "version": "0.9.1",
      "resolved": "https://registry.npmjs.org/nipplejs/-/nipplejs-0.9.1.tgz",
      "integrity": "sha512-Tu7ZaB1q0TgA+PH20s8i5Ngt3VmSCp8vxNVv/sOfGBAS0wwlNkJxnCD3bInC4iPg+W8dt80Pl+HU7B8y6dlXMQ=="
    }
  },
  "dependencies": {
    "nipplejs": {
      "version": "0.9.1",
      "resolved": "https://registry.npmjs.org/nipplejs/-/nipplejs-0.9.1.tgz",
      "integrity": "sha512-Tu7ZaB1q0TgA+PH20s8i5Ngt3VmSCp8vxNVv/sOfGBAS0wwlNkJxnCD3bInC4iPg+W8dt80Pl+HU7B8y6dlXMQ=="
    }
  }
}
